// !$*UTF8*$!
{
	archiveVersion = 1;
	classes = {
	};
	objectVersion = 56;
	objects = {

/* Begin PBXBuildFile section */
		D86A8B7E2D78DA76007A6E97 /* ProductDetailView.swift in Sources */ = {isa = PBXBuildFile; fileRef = D86A8B7D2D78DA76007A6E97 /* ProductDetailView.swift */; };
		D86A8B802D78DA8F007A6E97 /* ProductDetailInteractor.swift in Sources */ = {isa = PBXBuildFile; fileRef = D86A8B7F2D78DA8F007A6E97 /* ProductDetailInteractor.swift */; };
		D86A8B822D78DAA5007A6E97 /* ProductDetailPresenter.swift in Sources */ = {isa = PBXBuildFile; fileRef = D86A8B812D78DAA5007A6E97 /* ProductDetailPresenter.swift */; };
		D86A8B852D78DAD1007A6E97 /* ProductDetailRouter.swift in Sources */ = {isa = PBXBuildFile; fileRef = D86A8B842D78DAD1007A6E97 /* ProductDetailRouter.swift */; };
		D87EEBE62D75FD0100CAC383 /* AppDelegate.swift in Sources */ = {isa = PBXBuildFile; fileRef = D87EEBE52D75FD0100CAC383 /* AppDelegate.swift */; };
		D87EEBEA2D75FD0100CAC383 /* ProductListView.swift in Sources */ = {isa = PBXBuildFile; fileRef = D87EEBE92D75FD0100CAC383 /* ProductListView.swift */; };
		D87EEBEF2D75FD0200CAC383 /* Assets.xcassets in Resources */ = {isa = PBXBuildFile; fileRef = D87EEBEE2D75FD0200CAC383 /* Assets.xcassets */; };
		D87EEBF22D75FD0200CAC383 /* LaunchScreen.storyboard in Resources */ = {isa = PBXBuildFile; fileRef = D87EEBF02D75FD0200CAC383 /* LaunchScreen.storyboard */; };
		D87EEBFB2D760D8D00CAC383 /* ProductListInteractor.swift in Sources */ = {isa = PBXBuildFile; fileRef = D87EEBFA2D760D8D00CAC383 /* ProductListInteractor.swift */; };
		D87EEBFD2D760D9E00CAC383 /* ProductListPresenter.swift in Sources */ = {isa = PBXBuildFile; fileRef = D87EEBFC2D760D9E00CAC383 /* ProductListPresenter.swift */; };
		D87EEC002D760DE800CAC383 /* ProductListRouter.swift in Sources */ = {isa = PBXBuildFile; fileRef = D87EEBFF2D760DE800CAC383 /* ProductListRouter.swift */; };
		D87EEC042D7633A100CAC383 /* ProductListCell.swift in Sources */ = {isa = PBXBuildFile; fileRef = D87EEC032D7633A100CAC383 /* ProductListCell.swift */; };
		D8A4EF092D78F6E700BBCD46 /* ProductEntity.swift in Sources */ = {isa = PBXBuildFile; fileRef = D8A4EF082D78F6E700BBCD46 /* ProductEntity.swift */; };
/* End PBXBuildFile section */

/* Begin PBXFileReference section */
		D86A8B7D2D78DA76007A6E97 /* ProductDetailView.swift */ = {isa = PBXFileReference; lastKnownFileType = sourcecode.swift; path = ProductDetailView.swift; sourceTree = "<group>"; };
		D86A8B7F2D78DA8F007A6E97 /* ProductDetailInteractor.swift */ = {isa = PBXFileReference; lastKnownFileType = sourcecode.swift; path = ProductDetailInteractor.swift; sourceTree = "<group>"; };
		D86A8B812D78DAA5007A6E97 /* ProductDetailPresenter.swift */ = {isa = PBXFileReference; lastKnownFileType = sourcecode.swift; path = ProductDetailPresenter.swift; sourceTree = "<group>"; };
		D86A8B842D78DAD1007A6E97 /* ProductDetailRouter.swift */ = {isa = PBXFileReference; lastKnownFileType = sourcecode.swift; path = ProductDetailRouter.swift; sourceTree = "<group>"; };
		D87EEBE22D75FD0100CAC383 /* ProductList.app */ = {isa = PBXFileReference; explicitFileType = wrapper.application; includeInIndex = 0; path = ProductList.app; sourceTree = BUILT_PRODUCTS_DIR; };
		D87EEBE52D75FD0100CAC383 /* AppDelegate.swift */ = {isa = PBXFileReference; lastKnownFileType = sourcecode.swift; path = AppDelegate.swift; sourceTree = "<group>"; };
		D87EEBE92D75FD0100CAC383 /* ProductListView.swift */ = {isa = PBXFileReference; lastKnownFileType = sourcecode.swift; path = ProductListView.swift; sourceTree = "<group>"; };
		D87EEBEE2D75FD0200CAC383 /* Assets.xcassets */ = {isa = PBXFileReference; lastKnownFileType = folder.assetcatalog; path = Assets.xcassets; sourceTree = "<group>"; };
		D87EEBF12D75FD0200CAC383 /* Base */ = {isa = PBXFileReference; lastKnownFileType = file.storyboard; name = Base; path = Base.lproj/LaunchScreen.storyboard; sourceTree = "<group>"; };
		D87EEBF32D75FD0200CAC383 /* Info.plist */ = {isa = PBXFileReference; lastKnownFileType = text.plist.xml; path = Info.plist; sourceTree = "<group>"; };
		D87EEBFA2D760D8D00CAC383 /* ProductListInteractor.swift */ = {isa = PBXFileReference; lastKnownFileType = sourcecode.swift; path = ProductListInteractor.swift; sourceTree = "<group>"; };
		D87EEBFC2D760D9E00CAC383 /* ProductListPresenter.swift */ = {isa = PBXFileReference; lastKnownFileType = sourcecode.swift; path = ProductListPresenter.swift; sourceTree = "<group>"; };
		D87EEBFF2D760DE800CAC383 /* ProductListRouter.swift */ = {isa = PBXFileReference; lastKnownFileType = sourcecode.swift; path = ProductListRouter.swift; sourceTree = "<group>"; };
		D87EEC032D7633A100CAC383 /* ProductListCell.swift */ = {isa = PBXFileReference; lastKnownFileType = sourcecode.swift; path = ProductListCell.swift; sourceTree = "<group>"; };
		D8A4EF082D78F6E700BBCD46 /* ProductEntity.swift */ = {isa = PBXFileReference; lastKnownFileType = sourcecode.swift; path = ProductEntity.swift; sourceTree = "<group>"; };
/* End PBXFileReference section */

/* Begin PBXFrameworksBuildPhase section */
		D87EEBDF2D75FD0100CAC383 /* Frameworks */ = {
			isa = PBXFrameworksBuildPhase;
			buildActionMask = 2147483647;
			files = (
			);
			runOnlyForDeploymentPostprocessing = 0;
		};
/* End PBXFrameworksBuildPhase section */

/* Begin PBXGroup section */
		D86A8B7B2D78DA43007A6E97 /* ProductDetail */ = {
			isa = PBXGroup;
			children = (
				D86A8B7C2D78DA5B007A6E97 /* View */,
				D86A8B7F2D78DA8F007A6E97 /* ProductDetailInteractor.swift */,
				D86A8B812D78DAA5007A6E97 /* ProductDetailPresenter.swift */,
				D86A8B832D78DAAC007A6E97 /* Entities */,
				D86A8B842D78DAD1007A6E97 /* ProductDetailRouter.swift */,
			);
			path = ProductDetail;
			sourceTree = "<group>";
		};
		D86A8B7C2D78DA5B007A6E97 /* View */ = {
			isa = PBXGroup;
			children = (
				D86A8B7D2D78DA76007A6E97 /* ProductDetailView.swift */,
			);
			path = View;
			sourceTree = "<group>";
		};
		D86A8B832D78DAAC007A6E97 /* Entities */ = {
			isa = PBXGroup;
			children = (
			);
			path = Entities;
			sourceTree = "<group>";
		};
		D87EEBD92D75FD0100CAC383 = {
			isa = PBXGroup;
			children = (
				D87EEBE42D75FD0100CAC383 /* ProductList */,
				D87EEBE32D75FD0100CAC383 /* Products */,
			);
			sourceTree = "<group>";
		};
		D87EEBE32D75FD0100CAC383 /* Products */ = {
			isa = PBXGroup;
			children = (
				D87EEBE22D75FD0100CAC383 /* ProductList.app */,
			);
			name = Products;
			sourceTree = "<group>";
		};
		D87EEBE42D75FD0100CAC383 /* ProductList */ = {
			isa = PBXGroup;
			children = (
				D87EEBE52D75FD0100CAC383 /* AppDelegate.swift */,
				D87EEBF92D76049400CAC383 /* ProductList */,
				D86A8B7B2D78DA43007A6E97 /* ProductDetail */,
				D87EEBEE2D75FD0200CAC383 /* Assets.xcassets */,
				D87EEBF02D75FD0200CAC383 /* LaunchScreen.storyboard */,
				D87EEBF32D75FD0200CAC383 /* Info.plist */,
			);
			path = ProductList;
			sourceTree = "<group>";
		};
		D87EEBF92D76049400CAC383 /* ProductList */ = {
			isa = PBXGroup;
			children = (
				D87EEBFE2D760DBD00CAC383 /* View */,
				D87EEBFA2D760D8D00CAC383 /* ProductListInteractor.swift */,
				D87EEBFC2D760D9E00CAC383 /* ProductListPresenter.swift */,
				D87EEC012D760DF200CAC383 /* Entities */,
				D87EEBFF2D760DE800CAC383 /* ProductListRouter.swift */,
			);
			path = ProductList;
			sourceTree = "<group>";
		};
		D87EEBFE2D760DBD00CAC383 /* View */ = {
			isa = PBXGroup;
			children = (
				D87EEBE92D75FD0100CAC383 /* ProductListView.swift */,
				D87EEC022D76337E00CAC383 /* Cell */,
			);
			path = View;
			sourceTree = "<group>";
		};
		D87EEC012D760DF200CAC383 /* Entities */ = {
			isa = PBXGroup;
			children = (
				D8A4EF082D78F6E700BBCD46 /* ProductEntity.swift */,
			);
			path = Entities;
			sourceTree = "<group>";
		};
		D87EEC022D76337E00CAC383 /* Cell */ = {
			isa = PBXGroup;
			children = (
				D87EEC032D7633A100CAC383 /* ProductListCell.swift */,
			);
			path = Cell;
			sourceTree = "<group>";
		};
/* End PBXGroup section */

/* Begin PBXNativeTarget section */
		D87EEBE12D75FD0100CAC383 /* ProductList */ = {
			isa = PBXNativeTarget;
			buildConfigurationList = D87EEBF62D75FD0200CAC383 /* Build configuration list for PBXNativeTarget "ProductList" */;
			buildPhases = (
				D87EEBDE2D75FD0100CAC383 /* Sources */,
				D87EEBDF2D75FD0100CAC383 /* Frameworks */,
				D87EEBE02D75FD0100CAC383 /* Resources */,
			);
			buildRules = (
			);
			dependencies = (
			);
			name = ProductList;
			productName = ProductList;
			productReference = D87EEBE22D75FD0100CAC383 /* ProductList.app */;
			productType = "com.apple.product-type.application";
		};
/* End PBXNativeTarget section */

/* Begin PBXProject section */
		D87EEBDA2D75FD0100CAC383 /* Project object */ = {
			isa = PBXProject;
			attributes = {
				BuildIndependentTargetsInParallel = 1;
				LastSwiftUpdateCheck = 1410;
				LastUpgradeCheck = 1410;
				TargetAttributes = {
					D87EEBE12D75FD0100CAC383 = {
						CreatedOnToolsVersion = 14.1;
					};
				};
			};
			buildConfigurationList = D87EEBDD2D75FD0100CAC383 /* Build configuration list for PBXProject "ProductList" */;
			compatibilityVersion = "Xcode 14.0";
			developmentRegion = en;
			hasScannedForEncodings = 0;
			knownRegions = (
				en,
				Base,
			);
			mainGroup = D87EEBD92D75FD0100CAC383;
			productRefGroup = D87EEBE32D75FD0100CAC383 /* Products */;
			projectDirPath = "";
			projectRoot = "";
			targets = (
				D87EEBE12D75FD0100CAC383 /* ProductList */,
			);
		};
/* End PBXProject section */

/* Begin PBXResourcesBuildPhase section */
		D87EEBE02D75FD0100CAC383 /* Resources */ = {
			isa = PBXResourcesBuildPhase;
			buildActionMask = 2147483647;
			files = (
				D87EEBF22D75FD0200CAC383 /* LaunchScreen.storyboard in Resources */,
				D87EEBEF2D75FD0200CAC383 /* Assets.xcassets in Resources */,
			);
			runOnlyForDeploymentPostprocessing = 0;
		};
/* End PBXResourcesBuildPhase section */

/* Begin PBXSourcesBuildPhase section */
		D87EEBDE2D75FD0100CAC383 /* Sources */ = {
			isa = PBXSourcesBuildPhase;
			buildActionMask = 2147483647;
			files = (
				D87EEBEA2D75FD0100CAC383 /* ProductListView.swift in Sources */,
				D86A8B822D78DAA5007A6E97 /* ProductDetailPresenter.swift in Sources */,
				D86A8B7E2D78DA76007A6E97 /* ProductDetailView.swift in Sources */,
				D87EEBE62D75FD0100CAC383 /* AppDelegate.swift in Sources */,
				D87EEBFD2D760D9E00CAC383 /* ProductListPresenter.swift in Sources */,
				D87EEBFB2D760D8D00CAC383 /* ProductListInteractor.swift in Sources */,
				D8A4EF092D78F6E700BBCD46 /* ProductEntity.swift in Sources */,
				D87EEC002D760DE800CAC383 /* ProductListRouter.swift in Sources */,
				D86A8B852D78DAD1007A6E97 /* ProductDetailRouter.swift in Sources */,
				D87EEC042D7633A100CAC383 /* ProductListCell.swift in Sources */,
				D86A8B802D78DA8F007A6E97 /* ProductDetailInteractor.swift in Sources */,
			);
			runOnlyForDeploymentPostprocessing = 0;
		};
/* End PBXSourcesBuildPhase section */

/* Begin PBXVariantGroup section */
		D87EEBF02D75FD0200CAC383 /* LaunchScreen.storyboard */ = {
			isa = PBXVariantGroup;
			children = (
				D87EEBF12D75FD0200CAC383 /* Base */,
			);
			name = LaunchScreen.storyboard;
			sourceTree = "<group>";
		};
/* End PBXVariantGroup section */

/* Begin XCBuildConfiguration section */
		D87EEBF42D75FD0200CAC383 /* Debug */ = {
			isa = XCBuildConfiguration;
			buildSettings = {
				ALWAYS_SEARCH_USER_PATHS = NO;
				CLANG_ANALYZER_NONNULL = YES;
				CLANG_ANALYZER_NUMBER_OBJECT_CONVERSION = YES_AGGRESSIVE;
				CLANG_CXX_LANGUAGE_STANDARD = "gnu++20";
				CLANG_ENABLE_MODULES = YES;
				CLANG_ENABLE_OBJC_ARC = YES;
				CLANG_ENABLE_OBJC_WEAK = YES;
				CLANG_WARN_BLOCK_CAPTURE_AUTORELEASING = YES;
				CLANG_WARN_BOOL_CONVERSION = YES;
				CLANG_WARN_COMMA = YES;
				CLANG_WARN_CONSTANT_CONVERSION = YES;
				CLANG_WARN_DEPRECATED_OBJC_IMPLEMENTATIONS = YES;
				CLANG_WARN_DIRECT_OBJC_ISA_USAGE = YES_ERROR;
				CLANG_WARN_DOCUMENTATION_COMMENTS = YES;
				CLANG_WARN_EMPTY_BODY = YES;
				CLANG_WARN_ENUM_CONVERSION = YES;
				CLANG_WARN_INFINITE_RECURSION = YES;
				CLANG_WARN_INT_CONVERSION = YES;
				CLANG_WARN_NON_LITERAL_NULL_CONVERSION = YES;
				CLANG_WARN_OBJC_IMPLICIT_RETAIN_SELF = YES;
				CLANG_WARN_OBJC_LITERAL_CONVERSION = YES;
				CLANG_WARN_OBJC_ROOT_CLASS = YES_ERROR;
				CLANG_WARN_QUOTED_INCLUDE_IN_FRAMEWORK_HEADER = YES;
				CLANG_WARN_RANGE_LOOP_ANALYSIS = YES;
				CLANG_WARN_STRICT_PROTOTYPES = YES;
				CLANG_WARN_SUSPICIOUS_MOVE = YES;
				CLANG_WARN_UNGUARDED_AVAILABILITY = YES_AGGRESSIVE;
				CLANG_WARN_UNREACHABLE_CODE = YES;
				CLANG_WARN__DUPLICATE_METHOD_MATCH = YES;
				COPY_PHASE_STRIP = NO;
				DEBUG_INFORMATION_FORMAT = dwarf;
				ENABLE_STRICT_OBJC_MSGSEND = YES;
				ENABLE_TESTABILITY = YES;
				GCC_C_LANGUAGE_STANDARD = gnu11;
				GCC_DYNAMIC_NO_PIC = NO;
				GCC_NO_COMMON_BLOCKS = YES;
				GCC_OPTIMIZATION_LEVEL = 0;
				GCC_PREPROCESSOR_DEFINITIONS = (
					"DEBUG=1",
					"$(inherited)",
				);
				GCC_WARN_64_TO_32_BIT_CONVERSION = YES;
				GCC_WARN_ABOUT_RETURN_TYPE = YES_ERROR;
				GCC_WARN_UNDECLARED_SELECTOR = YES;
				GCC_WARN_UNINITIALIZED_AUTOS = YES_AGGRESSIVE;
				GCC_WARN_UNUSED_FUNCTION = YES;
				GCC_WARN_UNUSED_VARIABLE = YES;
				IPHONEOS_DEPLOYMENT_TARGET = 16.1;
				MTL_ENABLE_DEBUG_INFO = INCLUDE_SOURCE;
				MTL_FAST_MATH = YES;
				ONLY_ACTIVE_ARCH = YES;
				SDKROOT = iphoneos;
				SWIFT_ACTIVE_COMPILATION_CONDITIONS = DEBUG;
				SWIFT_OPTIMIZATION_LEVEL = "-Onone";
			};
			name = Debug;
		};
		D87EEBF52D75FD0200CAC383 /* Release */ = {
			isa = XCBuildConfiguration;
			buildSettings = {
				ALWAYS_SEARCH_USER_PATHS = NO;
				CLANG_ANALYZER_NONNULL = YES;
				CLANG_ANALYZER_NUMBER_OBJECT_CONVERSION = YES_AGGRESSIVE;
				CLANG_CXX_LANGUAGE_STANDARD = "gnu++20";
				CLANG_ENABLE_MODULES = YES;
				CLANG_ENABLE_OBJC_ARC = YES;
				CLANG_ENABLE_OBJC_WEAK = YES;
				CLANG_WARN_BLOCK_CAPTURE_AUTORELEASING = YES;
				CLANG_WARN_BOOL_CONVERSION = YES;
				CLANG_WARN_COMMA = YES;
				CLANG_WARN_CONSTANT_CONVERSION = YES;
				CLANG_WARN_DEPRECATED_OBJC_IMPLEMENTATIONS = YES;
				CLANG_WARN_DIRECT_OBJC_ISA_USAGE = YES_ERROR;
				CLANG_WARN_DOCUMENTATION_COMMENTS = YES;
				CLANG_WARN_EMPTY_BODY = YES;
				CLANG_WARN_ENUM_CONVERSION = YES;
				CLANG_WARN_INFINITE_RECURSION = YES;
				CLANG_WARN_INT_CONVERSION = YES;
				CLANG_WARN_NON_LITERAL_NULL_CONVERSION = YES;
				CLANG_WARN_OBJC_IMPLICIT_RETAIN_SELF = YES;
				CLANG_WARN_OBJC_LITERAL_CONVERSION = YES;
				CLANG_WARN_OBJC_ROOT_CLASS = YES_ERROR;
				CLANG_WARN_QUOTED_INCLUDE_IN_FRAMEWORK_HEADER = YES;
				CLANG_WARN_RANGE_LOOP_ANALYSIS = YES;
				CLANG_WARN_STRICT_PROTOTYPES = YES;
				CLANG_WARN_SUSPICIOUS_MOVE = YES;
				CLANG_WARN_UNGUARDED_AVAILABILITY = YES_AGGRESSIVE;
				CLANG_WARN_UNREACHABLE_CODE = YES;
				CLANG_WARN__DUPLICATE_METHOD_MATCH = YES;
				COPY_PHASE_STRIP = NO;
				DEBUG_INFORMATION_FORMAT = "dwarf-with-dsym";
				ENABLE_NS_ASSERTIONS = NO;
				ENABLE_STRICT_OBJC_MSGSEND = YES;
				GCC_C_LANGUAGE_STANDARD = gnu11;
				GCC_NO_COMMON_BLOCKS = YES;
				GCC_WARN_64_TO_32_BIT_CONVERSION = YES;
				GCC_WARN_ABOUT_RETURN_TYPE = YES_ERROR;
				GCC_WARN_UNDECLARED_SELECTOR = YES;
				GCC_WARN_UNINITIALIZED_AUTOS = YES_AGGRESSIVE;
				GCC_WARN_UNUSED_FUNCTION = YES;
				GCC_WARN_UNUSED_VARIABLE = YES;
				IPHONEOS_DEPLOYMENT_TARGET = 16.1;
				MTL_ENABLE_DEBUG_INFO = NO;
				MTL_FAST_MATH = YES;
				SDKROOT = iphoneos;
				SWIFT_COMPILATION_MODE = wholemodule;
				SWIFT_OPTIMIZATION_LEVEL = "-O";
				VALIDATE_PRODUCT = YES;
			};
			name = Release;
		};
		D87EEBF72D75FD0200CAC383 /* Debug */ = {
			isa = XCBuildConfiguration;
			buildSettings = {
				ASSETCATALOG_COMPILER_APPICON_NAME = AppIcon;
				ASSETCATALOG_COMPILER_GLOBAL_ACCENT_COLOR_NAME = AccentColor;
				CODE_SIGN_STYLE = Automatic;
				CURRENT_PROJECT_VERSION = 1;
				DEVELOPMENT_TEAM = MPT44U32B4;
				GENERATE_INFOPLIST_FILE = YES;
				INFOPLIST_FILE = ProductList/Info.plist;
				INFOPLIST_KEY_UIApplicationSupportsIndirectInputEvents = YES;
				INFOPLIST_KEY_UILaunchStoryboardName = LaunchScreen;
				INFOPLIST_KEY_UISupportedInterfaceOrientations_iPad = "UIInterfaceOrientationPortrait UIInterfaceOrientationPortraitUpsideDown UIInterfaceOrientationLandscapeLeft UIInterfaceOrientationLandscapeRight";
				INFOPLIST_KEY_UISupportedInterfaceOrientations_iPhone = "UIInterfaceOrientationPortrait UIInterfaceOrientationLandscapeLeft UIInterfaceOrientationLandscapeRight";
				LD_RUNPATH_SEARCH_PATHS = (
					"$(inherited)",
					"@executable_path/Frameworks",
				);
				MARKETING_VERSION = 1.0;
				PRODUCT_BUNDLE_IDENTIFIER = com.octopus.ProductList;
				PRODUCT_NAME = "$(TARGET_NAME)";
				SWIFT_EMIT_LOC_STRINGS = YES;
				SWIFT_VERSION = 5.0;
				TARGETED_DEVICE_FAMILY = "1,2";
			};
			name = Debug;
		};
		D87EEBF82D75FD0200CAC383 /* Release */ = {
			isa = XCBuildConfiguration;
			buildSettings = {
				ASSETCATALOG_COMPILER_APPICON_NAME = AppIcon;
				ASSETCATALOG_COMPILER_GLOBAL_ACCENT_COLOR_NAME = AccentColor;
				CODE_SIGN_STYLE = Automatic;
				CURRENT_PROJECT_VERSION = 1;
				DEVELOPMENT_TEAM = MPT44U32B4;
				GENERATE_INFOPLIST_FILE = YES;
				INFOPLIST_FILE = ProductList/Info.plist;
				INFOPLIST_KEY_UIApplicationSupportsIndirectInputEvents = YES;
				INFOPLIST_KEY_UILaunchStoryboardName = LaunchScreen;
				INFOPLIST_KEY_UISupportedInterfaceOrientations_iPad = "UIInterfaceOrientationPortrait UIInterfaceOrientationPortraitUpsideDown UIInterfaceOrientationLandscapeLeft UIInterfaceOrientationLandscapeRight";
				INFOPLIST_KEY_UISupportedInterfaceOrientations_iPhone = "UIInterfaceOrientationPortrait UIInterfaceOrientationLandscapeLeft UIInterfaceOrientationLandscapeRight";
				LD_RUNPATH_SEARCH_PATHS = (
					"$(inherited)",
					"@executable_path/Frameworks",
				);
				MARKETING_VERSION = 1.0;
				PRODUCT_BUNDLE_IDENTIFIER = com.octopus.ProductList;
				PRODUCT_NAME = "$(TARGET_NAME)";
				SWIFT_EMIT_LOC_STRINGS = YES;
				SWIFT_VERSION = 5.0;
				TARGETED_DEVICE_FAMILY = "1,2";
			};
			name = Release;
		};
/* End XCBuildConfiguration section */

/* Begin XCConfigurationList section */
		D87EEBDD2D75FD0100CAC383 /* Build configuration list for PBXProject "ProductList" */ = {
			isa = XCConfigurationList;
			buildConfigurations = (
				D87EEBF42D75FD0200CAC383 /* Debug */,
				D87EEBF52D75FD0200CAC383 /* Release */,
			);
			defaultConfigurationIsVisible = 0;
			defaultConfigurationName = Release;
		};
		D87EEBF62D75FD0200CAC383 /* Build configuration list for PBXNativeTarget "ProductList" */ = {
			isa = XCConfigurationList;
			buildConfigurations = (
				D87EEBF72D75FD0200CAC383 /* Debug */,
				D87EEBF82D75FD0200CAC383 /* Release */,
			);
			defaultConfigurationIsVisible = 0;
			defaultConfigurationName = Release;
		};
/* End XCConfigurationList section */
	};
	rootObject = D87EEBDA2D75FD0100CAC383 /* Project object */;
}
